
Microsoft Visual Studio Solution File, Format Version 12.00
Project("{FAE04EC0-301F-11D3-BF4B-00C04F79EFBC}") = "desktop-app", "desktop-app.csproj", "{A22FE9E0-687F-482A-96BB-948A079C6817}"
EndProject
Global
	GlobalSection(SolutionConfigurationPlatforms) = preSolution
		Debug|Any CPU = Debug|Any CPU
		Release|Any CPU = Release|Any CPU
	EndGlobalSection
	GlobalSection(ProjectConfigurationPlatforms) = postSolution
		{A22FE9E0-687F-482A-96BB-948A079C6817}.Debug|Any CPU.ActiveCfg = Debug|Any CPU
		{A22FE9E0-687F-482A-96BB-948A079C6817}.Debug|Any CPU.Build.0 = Debug|Any CPU
		{A22FE9E0-687F-482A-96BB-948A079C6817}.Release|Any CPU.ActiveCfg = Release|Any CPU
		{A22FE9E0-687F-482A-96BB-948A079C6817}.Release|Any CPU.Build.0 = Release|Any CPU
	EndGlobalSection
EndGlobal
